
Microsoft Visual Studio Solution File, Format Version 12.00
# Visual Studio 15
VisualStudioVersion = 15.0.26228.12
MinimumVisualStudioVersion = 10.0.40219.1
Project("{FAE04EC0-301F-11D3-BF4B-00C04F79EFBC}") = "App8.Android", "App8\App8.Android\App8.Android.csproj", "{44EAA834-B237-453D-873F-5C64555845B2}"
EndProject
Project("{FAE04EC0-301F-11D3-BF4B-00C04F79EFBC}") = "App8", "App8\App8\App8.csproj", "{6300C5E8-EBD9-4968-BDF2-2FD5669743FC}"
EndProject
Project("{FAE04EC0-301F-11D3-BF4B-00C04F79EFBC}") = "App8.UWP", "App8\App8.UWP\App8.UWP.csproj", "{0825F935-4557-46C9-84E9-19D5D02229CC}"
EndProject
Project("{FAE04EC0-301F-11D3-BF4B-00C04F79EFBC}") = "App8.iOS", "App8\App8.iOS\App8.iOS.csproj", "{95E167C5-9790-4015-81D9-301E149B92BF}"
EndProject
Global
	GlobalSection(SolutionConfigurationPlatforms) = preSolution
		Ad-Hoc|Any CPU = Ad-Hoc|Any CPU
		Ad-Hoc|ARM = Ad-Hoc|ARM
		Ad-Hoc|iPhone = Ad-Hoc|iPhone
		Ad-Hoc|iPhoneSimulator = Ad-Hoc|iPhoneSimulator
		Ad-Hoc|x64 = Ad-Hoc|x64
		Ad-Hoc|x86 = Ad-Hoc|x86
		AppStore|Any CPU = AppStore|Any CPU
		AppStore|ARM = AppStore|ARM
		AppStore|iPhone = AppStore|iPhone
		AppStore|iPhoneSimulator = AppStore|iPhoneSimulator
		AppStore|x64 = AppStore|x64
		AppStore|x86 = AppStore|x86
		Debug|Any CPU = Debug|Any CPU
		Debug|ARM = Debug|ARM
		Debug|iPhone = Debug|iPhone
		Debug|iPhoneSimulator = Debug|iPhoneSimulator
		Debug|x64 = Debug|x64
		Debug|x86 = Debug|x86
		Release|Any CPU = Release|Any CPU
		Release|ARM = Release|ARM
		Release|iPhone = Release|iPhone
		Release|iPhoneSimulator = Release|iPhoneSimulator
		Release|x64 = Release|x64
		Release|x86 = Release|x86
	EndGlobalSection
	GlobalSection(ProjectConfigurationPlatforms) = postSolution
		{44EAA834-B237-453D-873F-5C64555845B2}.Ad-Hoc|Any CPU.ActiveCfg = Release|Any CPU
		{44EAA834-B237-453D-873F-5C64555845B2}.Ad-Hoc|Any CPU.Build.0 = Release|Any CPU
		{44EAA834-B237-453D-873F-5C64555845B2}.Ad-Hoc|Any CPU.Deploy.0 = Release|Any CPU
		{44EAA834-B237-453D-873F-5C64555845B2}.Ad-Hoc|ARM.ActiveCfg = Release|Any CPU
		{44EAA834-B237-453D-873F-5C64555845B2}.Ad-Hoc|ARM.Build.0 = Release|Any CPU
		{44EAA834-B237-453D-873F-5C64555845B2}.Ad-Hoc|ARM.Deploy.0 = Release|Any CPU
		{44EAA834-B237-453D-873F-5C64555845B2}.Ad-Hoc|iPhone.ActiveCfg = Release|Any CPU
		{44EAA834-B237-453D-873F-5C64555845B2}.Ad-Hoc|iPhone.Build.0 = Release|Any CPU
		{44EAA834-B237-453D-873F-5C64555845B2}.Ad-Hoc|iPhone.Deploy.0 = Release|Any CPU
		{44EAA834-B237-453D-873F-5C64555845B2}.Ad-Hoc|iPhoneSimulator.ActiveCfg = Release|Any CPU
		{44EAA834-B237-453D-873F-5C64555845B2}.Ad-Hoc|iPhoneSimulator.Build.0 = Release|Any CPU
		{44EAA834-B237-453D-873F-5C64555845B2}.Ad-Hoc|iPhoneSimulator.Deploy.0 = Release|Any CPU
		{44EAA834-B237-453D-873F-5C64555845B2}.Ad-Hoc|x64.ActiveCfg = Release|Any CPU
		{44EAA834-B237-453D-873F-5C64555845B2}.Ad-Hoc|x64.Build.0 = Release|Any CPU
		{44EAA834-B237-453D-873F-5C64555845B2}.Ad-Hoc|x64.Deploy.0 = Release|Any CPU
		{44EAA834-B237-453D-873F-5C64555845B2}.Ad-Hoc|x86.ActiveCfg = Release|Any CPU
		{44EAA834-B237-453D-873F-5C64555845B2}.Ad-Hoc|x86.Build.0 = Release|Any CPU
		{44EAA834-B237-453D-873F-5C64555845B2}.Ad-Hoc|x86.Deploy.0 = Release|Any CPU
		{44EAA834-B237-453D-873F-5C64555845B2}.AppStore|Any CPU.ActiveCfg = Release|Any CPU
		{44EAA834-B237-453D-873F-5C64555845B2}.AppStore|Any CPU.Build.0 = Release|Any CPU
		{44EAA834-B237-453D-873F-5C64555845B2}.AppStore|Any CPU.Deploy.0 = Release|Any CPU
		{44EAA834-B237-453D-873F-5C64555845B2}.AppStore|ARM.ActiveCfg = Release|Any CPU
		{44EAA834-B237-453D-873F-5C64555845B2}.AppStore|ARM.Build.0 = Release|Any CPU
		{44EAA834-B237-453D-873F-5C64555845B2}.AppStore|ARM.Deploy.0 = Release|Any CPU
		{44EAA834-B237-453D-873F-5C64555845B2}.AppStore|iPhone.ActiveCfg = Release|Any CPU
		{44EAA834-B237-453D-873F-5C64555845B2}.AppStore|iPhone.Build.0 = Release|Any CPU
		{44EAA834-B237-453D-873F-5C64555845B2}.AppStore|iPhone.Deploy.0 = Release|Any CPU
		{44EAA834-B237-453D-873F-5C64555845B2}.AppStore|iPhoneSimulator.ActiveCfg = Release|Any CPU
		{44EAA834-B237-453D-873F-5C64555845B2}.AppStore|iPhoneSimulator.Build.0 = Release|Any CPU
		{44EAA834-B237-453D-873F-5C64555845B2}.AppStore|iPhoneSimulator.Deploy.0 = Release|Any CPU
		{44EAA834-B237-453D-873F-5C64555845B2}.AppStore|x64.ActiveCfg = Release|Any CPU
		{44EAA834-B237-453D-873F-5C64555845B2}.AppStore|x64.Build.0 = Release|Any CPU
		{44EAA834-B237-453D-873F-5C64555845B2}.AppStore|x64.Deploy.0 = Release|Any CPU
		{44EAA834-B237-453D-873F-5C64555845B2}.AppStore|x86.ActiveCfg = Release|Any CPU
		{44EAA834-B237-453D-873F-5C64555845B2}.AppStore|x86.Build.0 = Release|Any CPU
		{44EAA834-B237-453D-873F-5C64555845B2}.AppStore|x86.Deploy.0 = Release|Any CPU
		{44EAA834-B237-453D-873F-5C64555845B2}.Debug|Any CPU.ActiveCfg = Debug|Any CPU
		{44EAA834-B237-453D-873F-5C64555845B2}.Debug|Any CPU.Build.0 = Debug|Any CPU
		{44EAA834-B237-453D-873F-5C64555845B2}.Debug|Any CPU.Deploy.0 = Debug|Any CPU
		{44EAA834-B237-453D-873F-5C64555845B2}.Debug|ARM.ActiveCfg = Debug|Any CPU
		{44EAA834-B237-453D-873F-5C64555845B2}.Debug|ARM.Build.0 = Debug|Any CPU
		{44EAA834-B237-453D-873F-5C64555845B2}.Debug|ARM.Deploy.0 = Debug|Any CPU
		{44EAA834-B237-453D-873F-5C64555845B2}.Debug|iPhone.ActiveCfg = Debug|Any CPU
		{44EAA834-B237-453D-873F-5C64555845B2}.Debug|iPhone.Build.0 = Debug|Any CPU
		{44EAA834-B237-453D-873F-5C64555845B2}.Debug|iPhone.Deploy.0 = Debug|Any CPU
		{44EAA834-B237-453D-873F-5C64555845B2}.Debug|iPhoneSimulator.ActiveCfg = Debug|Any CPU
		{44EAA834-B237-453D-873F-5C64555845B2}.Debug|iPhoneSimulator.Build.0 = Debug|Any CPU
		{44EAA834-B237-453D-873F-5C64555845B2}.Debug|iPhoneSimulator.Deploy.0 = Debug|Any CPU
		{44EAA834-B237-453D-873F-5C64555845B2}.Debug|x64.ActiveCfg = Debug|Any CPU
		{44EAA834-B237-453D-873F-5C64555845B2}.Debug|x64.Build.0 = Debug|Any CPU
		{44EAA834-B237-453D-873F-5C64555845B2}.Debug|x64.Deploy.0 = Debug|Any CPU
		{44EAA834-B237-453D-873F-5C64555845B2}.Debug|x86.ActiveCfg = Debug|Any CPU
		{44EAA834-B237-453D-873F-5C64555845B2}.Debug|x86.Build.0 = Debug|Any CPU
		{44EAA834-B237-453D-873F-5C64555845B2}.Debug|x86.Deploy.0 = Debug|Any CPU
		{44EAA834-B237-453D-873F-5C64555845B2}.Release|Any CPU.ActiveCfg = Release|Any CPU
		{44EAA834-B237-453D-873F-5C64555845B2}.Release|Any CPU.Build.0 = Release|Any CPU
		{44EAA834-B237-453D-873F-5C64555845B2}.Release|Any CPU.Deploy.0 = Release|Any CPU
		{44EAA834-B237-453D-873F-5C64555845B2}.Release|ARM.ActiveCfg = Release|Any CPU
		{44EAA834-B237-453D-873F-5C64555845B2}.Release|ARM.Build.0 = Release|Any CPU
		{44EAA834-B237-453D-873F-5C64555845B2}.Release|ARM.Deploy.0 = Release|Any CPU
		{44EAA834-B237-453D-873F-5C64555845B2}.Release|iPhone.ActiveCfg = Release|Any CPU
		{44EAA834-B237-453D-873F-5C64555845B2}.Release|iPhone.Build.0 = Release|Any CPU
		{44EAA834-B237-453D-873F-5C64555845B2}.Release|iPhone.Deploy.0 = Release|Any CPU
		{44EAA834-B237-453D-873F-5C64555845B2}.Release|iPhoneSimulator.ActiveCfg = Release|Any CPU
		{44EAA834-B237-453D-873F-5C64555845B2}.Release|iPhoneSimulator.Build.0 = Release|Any CPU
		{44EAA834-B237-453D-873F-5C64555845B2}.Release|iPhoneSimulator.Deploy.0 = Release|Any CPU
		{44EAA834-B237-453D-873F-5C64555845B2}.Release|x64.ActiveCfg = Release|Any CPU
		{44EAA834-B237-453D-873F-5C64555845B2}.Release|x64.Build.0 = Release|Any CPU
		{44EAA834-B237-453D-873F-5C64555845B2}.Release|x64.Deploy.0 = Release|Any CPU
		{44EAA834-B237-453D-873F-5C64555845B2}.Release|x86.ActiveCfg = Release|Any CPU
		{44EAA834-B237-453D-873F-5C64555845B2}.Release|x86.Build.0 = Release|Any CPU
		{44EAA834-B237-453D-873F-5C64555845B2}.Release|x86.Deploy.0 = Release|Any CPU
		{6300C5E8-EBD9-4968-BDF2-2FD5669743FC}.Ad-Hoc|Any CPU.ActiveCfg = Release|Any CPU
		{6300C5E8-EBD9-4968-BDF2-2FD5669743FC}.Ad-Hoc|Any CPU.Build.0 = Release|Any CPU
		{6300C5E8-EBD9-4968-BDF2-2FD5669743FC}.Ad-Hoc|ARM.ActiveCfg = Release|Any CPU
		{6300C5E8-EBD9-4968-BDF2-2FD5669743FC}.Ad-Hoc|ARM.Build.0 = Release|Any CPU
		{6300C5E8-EBD9-4968-BDF2-2FD5669743FC}.Ad-Hoc|iPhone.ActiveCfg = Release|Any CPU
		{6300C5E8-EBD9-4968-BDF2-2FD5669743FC}.Ad-Hoc|iPhone.Build.0 = Release|Any CPU
		{6300C5E8-EBD9-4968-BDF2-2FD5669743FC}.Ad-Hoc|iPhoneSimulator.ActiveCfg = Release|Any CPU
		{6300C5E8-EBD9-4968-BDF2-2FD5669743FC}.Ad-Hoc|iPhoneSimulator.Build.0 = Release|Any CPU
		{6300C5E8-EBD9-4968-BDF2-2FD5669743FC}.Ad-Hoc|x64.ActiveCfg = Release|Any CPU
		{6300C5E8-EBD9-4968-BDF2-2FD5669743FC}.Ad-Hoc|x64.Build.0 = Release|Any CPU
		{6300C5E8-EBD9-4968-BDF2-2FD5669743FC}.Ad-Hoc|x86.ActiveCfg = Release|Any CPU
		{6300C5E8-EBD9-4968-BDF2-2FD5669743FC}.Ad-Hoc|x86.Build.0 = Release|Any CPU
		{6300C5E8-EBD9-4968-BDF2-2FD5669743FC}.AppStore|Any CPU.ActiveCfg = Release|Any CPU
		{6300C5E8-EBD9-4968-BDF2-2FD5669743FC}.AppStore|Any CPU.Build.0 = Release|Any CPU
		{6300C5E8-EBD9-4968-BDF2-2FD5669743FC}.AppStore|ARM.ActiveCfg = Release|Any CPU
		{6300C5E8-EBD9-4968-BDF2-2FD5669743FC}.AppStore|ARM.Build.0 = Release|Any CPU
		{6300C5E8-EBD9-4968-BDF2-2FD5669743FC}.AppStore|iPhone.ActiveCfg = Release|Any CPU
		{6300C5E8-EBD9-4968-BDF2-2FD5669743FC}.AppStore|iPhone.Build.0 = Release|Any CPU
		{6300C5E8-EBD9-4968-BDF2-2FD5669743FC}.AppStore|iPhoneSimulator.ActiveCfg = Release|Any CPU
		{6300C5E8-EBD9-4968-BDF2-2FD5669743FC}.AppStore|iPhoneSimulator.Build.0 = Release|Any CPU
		{6300C5E8-EBD9-4968-BDF2-2FD5669743FC}.AppStore|x64.ActiveCfg = Release|Any CPU
		{6300C5E8-EBD9-4968-BDF2-2FD5669743FC}.AppStore|x64.Build.0 = Release|Any CPU
		{6300C5E8-EBD9-4968-BDF2-2FD5669743FC}.AppStore|x86.ActiveCfg = Release|Any CPU
		{6300C5E8-EBD9-4968-BDF2-2FD5669743FC}.AppStore|x86.Build.0 = Release|Any CPU
		{6300C5E8-EBD9-4968-BDF2-2FD5669743FC}.Debug|Any CPU.ActiveCfg = Debug|Any CPU
		{6300C5E8-EBD9-4968-BDF2-2FD5669743FC}.Debug|Any CPU.Build.0 = Debug|Any CPU
		{6300C5E8-EBD9-4968-BDF2-2FD5669743FC}.Debug|ARM.ActiveCfg = Debug|Any CPU
		{6300C5E8-EBD9-4968-BDF2-2FD5669743FC}.Debug|ARM.Build.0 = Debug|Any CPU
		{6300C5E8-EBD9-4968-BDF2-2FD5669743FC}.Debug|iPhone.ActiveCfg = Debug|Any CPU
		{6300C5E8-EBD9-4968-BDF2-2FD5669743FC}.Debug|iPhone.Build.0 = Debug|Any CPU
		{6300C5E8-EBD9-4968-BDF2-2FD5669743FC}.Debug|iPhoneSimulator.ActiveCfg = Debug|Any CPU
		{6300C5E8-EBD9-4968-BDF2-2FD5669743FC}.Debug|iPhoneSimulator.Build.0 = Debug|Any CPU
		{6300C5E8-EBD9-4968-BDF2-2FD5669743FC}.Debug|x64.ActiveCfg = Debug|Any CPU
		{6300C5E8-EBD9-4968-BDF2-2FD5669743FC}.Debug|x64.Build.0 = Debug|Any CPU
		{6300C5E8-EBD9-4968-BDF2-2FD5669743FC}.Debug|x86.ActiveCfg = Debug|Any CPU
		{6300C5E8-EBD9-4968-BDF2-2FD5669743FC}.Debug|x86.Build.0 = Debug|Any CPU
		{6300C5E8-EBD9-4968-BDF2-2FD5669743FC}.Release|Any CPU.ActiveCfg = Release|Any CPU
		{6300C5E8-EBD9-4968-BDF2-2FD5669743FC}.Release|Any CPU.Build.0 = Release|Any CPU
		{6300C5E8-EBD9-4968-BDF2-2FD5669743FC}.Release|ARM.ActiveCfg = Release|Any CPU
		{6300C5E8-EBD9-4968-BDF2-2FD5669743FC}.Release|ARM.Build.0 = Release|Any CPU
		{6300C5E8-EBD9-4968-BDF2-2FD5669743FC}.Release|iPhone.ActiveCfg = Release|Any CPU
		{6300C5E8-EBD9-4968-BDF2-2FD5669743FC}.Release|iPhone.Build.0 = Release|Any CPU
		{6300C5E8-EBD9-4968-BDF2-2FD5669743FC}.Release|iPhoneSimulator.ActiveCfg = Release|Any CPU
		{6300C5E8-EBD9-4968-BDF2-2FD5669743FC}.Release|iPhoneSimulator.Build.0 = Release|Any CPU
		{6300C5E8-EBD9-4968-BDF2-2FD5669743FC}.Release|x64.ActiveCfg = Release|Any CPU
		{6300C5E8-EBD9-4968-BDF2-2FD5669743FC}.Release|x64.Build.0 = Release|Any CPU
		{6300C5E8-EBD9-4968-BDF2-2FD5669743FC}.Release|x86.ActiveCfg = Release|Any CPU
		{6300C5E8-EBD9-4968-BDF2-2FD5669743FC}.Release|x86.Build.0 = Release|Any CPU
		{0825F935-4557-46C9-84E9-19D5D02229CC}.Ad-Hoc|Any CPU.ActiveCfg = Release|x86
		{0825F935-4557-46C9-84E9-19D5D02229CC}.Ad-Hoc|Any CPU.Build.0 = Release|x86
		{0825F935-4557-46C9-84E9-19D5D02229CC}.Ad-Hoc|Any CPU.Deploy.0 = Release|x86
		{0825F935-4557-46C9-84E9-19D5D02229CC}.Ad-Hoc|ARM.ActiveCfg = Release|ARM
		{0825F935-4557-46C9-84E9-19D5D02229CC}.Ad-Hoc|ARM.Build.0 = Release|ARM
		{0825F935-4557-46C9-84E9-19D5D02229CC}.Ad-Hoc|ARM.Deploy.0 = Release|ARM
		{0825F935-4557-46C9-84E9-19D5D02229CC}.Ad-Hoc|iPhone.ActiveCfg = Release|x86
		{0825F935-4557-46C9-84E9-19D5D02229CC}.Ad-Hoc|iPhone.Build.0 = Release|x86
		{0825F935-4557-46C9-84E9-19D5D02229CC}.Ad-Hoc|iPhone.Deploy.0 = Release|x86
		{0825F935-4557-46C9-84E9-19D5D02229CC}.Ad-Hoc|iPhoneSimulator.ActiveCfg = Release|x86
		{0825F935-4557-46C9-84E9-19D5D02229CC}.Ad-Hoc|iPhoneSimulator.Build.0 = Release|x86
		{0825F935-4557-46C9-84E9-19D5D02229CC}.Ad-Hoc|iPhoneSimulator.Deploy.0 = Release|x86
		{0825F935-4557-46C9-84E9-19D5D02229CC}.Ad-Hoc|x64.ActiveCfg = Release|x64
		{0825F935-4557-46C9-84E9-19D5D02229CC}.Ad-Hoc|x64.Build.0 = Release|x64
		{0825F935-4557-46C9-84E9-19D5D02229CC}.Ad-Hoc|x64.Deploy.0 = Release|x64
		{0825F935-4557-46C9-84E9-19D5D02229CC}.Ad-Hoc|x86.ActiveCfg = Release|x86
		{0825F935-4557-46C9-84E9-19D5D02229CC}.Ad-Hoc|x86.Build.0 = Release|x86
		{0825F935-4557-46C9-84E9-19D5D02229CC}.Ad-Hoc|x86.Deploy.0 = Release|x86
		{0825F935-4557-46C9-84E9-19D5D02229CC}.AppStore|Any CPU.ActiveCfg = Release|x86
		{0825F935-4557-46C9-84E9-19D5D02229CC}.AppStore|Any CPU.Build.0 = Release|x86
		{0825F935-4557-46C9-84E9-19D5D02229CC}.AppStore|Any CPU.Deploy.0 = Release|x86
		{0825F935-4557-46C9-84E9-19D5D02229CC}.AppStore|ARM.ActiveCfg = Release|ARM
		{0825F935-4557-46C9-84E9-19D5D02229CC}.AppStore|ARM.Build.0 = Release|ARM
		{0825F935-4557-46C9-84E9-19D5D02229CC}.AppStore|ARM.Deploy.0 = Release|ARM
		{0825F935-4557-46C9-84E9-19D5D02229CC}.AppStore|iPhone.ActiveCfg = Release|x86
		{0825F935-4557-46C9-84E9-19D5D02229CC}.AppStore|iPhone.Build.0 = Release|x86
		{0825F935-4557-46C9-84E9-19D5D02229CC}.AppStore|iPhone.Deploy.0 = Release|x86
		{0825F935-4557-46C9-84E9-19D5D02229CC}.AppStore|iPhoneSimulator.ActiveCfg = Release|x86
		{0825F935-4557-46C9-84E9-19D5D02229CC}.AppStore|iPhoneSimulator.Build.0 = Release|x86
		{0825F935-4557-46C9-84E9-19D5D02229CC}.AppStore|iPhoneSimulator.Deploy.0 = Release|x86
		{0825F935-4557-46C9-84E9-19D5D02229CC}.AppStore|x64.ActiveCfg = Release|x64
		{0825F935-4557-46C9-84E9-19D5D02229CC}.AppStore|x64.Build.0 = Release|x64
		{0825F935-4557-46C9-84E9-19D5D02229CC}.AppStore|x64.Deploy.0 = Release|x64
		{0825F935-4557-46C9-84E9-19D5D02229CC}.AppStore|x86.ActiveCfg = Release|x86
		{0825F935-4557-46C9-84E9-19D5D02229CC}.AppStore|x86.Build.0 = Release|x86
		{0825F935-4557-46C9-84E9-19D5D02229CC}.AppStore|x86.Deploy.0 = Release|x86
		{0825F935-4557-46C9-84E9-19D5D02229CC}.Debug|Any CPU.ActiveCfg = Debug|x86
		{0825F935-4557-46C9-84E9-19D5D02229CC}.Debug|ARM.ActiveCfg = Debug|ARM
		{0825F935-4557-46C9-84E9-19D5D02229CC}.Debug|ARM.Build.0 = Debug|ARM
		{0825F935-4557-46C9-84E9-19D5D02229CC}.Debug|ARM.Deploy.0 = Debug|ARM
		{0825F935-4557-46C9-84E9-19D5D02229CC}.Debug|iPhone.ActiveCfg = Debug|x86
		{0825F935-4557-46C9-84E9-19D5D02229CC}.Debug|iPhoneSimulator.ActiveCfg = Debug|x86
		{0825F935-4557-46C9-84E9-19D5D02229CC}.Debug|x64.ActiveCfg = Debug|x64
		{0825F935-4557-46C9-84E9-19D5D02229CC}.Debug|x64.Build.0 = Debug|x64
		{0825F935-4557-46C9-84E9-19D5D02229CC}.Debug|x64.Deploy.0 = Debug|x64
		{0825F935-4557-46C9-84E9-19D5D02229CC}.Debug|x86.ActiveCfg = Debug|x86
		{0825F935-4557-46C9-84E9-19D5D02229CC}.Debug|x86.Build.0 = Debug|x86
		{0825F935-4557-46C9-84E9-19D5D02229CC}.Debug|x86.Deploy.0 = Debug|x86
		{0825F935-4557-46C9-84E9-19D5D02229CC}.Release|Any CPU.ActiveCfg = Release|x86
		{0825F935-4557-46C9-84E9-19D5D02229CC}.Release|ARM.ActiveCfg = Release|ARM
		{0825F935-4557-46C9-84E9-19D5D02229CC}.Release|ARM.Build.0 = Release|ARM
		{0825F935-4557-46C9-84E9-19D5D02229CC}.Release|ARM.Deploy.0 = Release|ARM
		{0825F935-4557-46C9-84E9-19D5D02229CC}.Release|iPhone.ActiveCfg = Release|x86
		{0825F935-4557-46C9-84E9-19D5D02229CC}.Release|iPhoneSimulator.ActiveCfg = Release|x86
		{0825F935-4557-46C9-84E9-19D5D02229CC}.Release|x64.ActiveCfg = Release|x64
		{0825F935-4557-46C9-84E9-19D5D02229CC}.Release|x64.Build.0 = Release|x64
		{0825F935-4557-46C9-84E9-19D5D02229CC}.Release|x64.Deploy.0 = Release|x64
		{0825F935-4557-46C9-84E9-19D5D02229CC}.Release|x86.ActiveCfg = Release|x86
		{0825F935-4557-46C9-84E9-19D5D02229CC}.Release|x86.Build.0 = Release|x86
		{0825F935-4557-46C9-84E9-19D5D02229CC}.Release|x86.Deploy.0 = Release|x86
		{95E167C5-9790-4015-81D9-301E149B92BF}.Ad-Hoc|Any CPU.ActiveCfg = Ad-Hoc|iPhone
		{95E167C5-9790-4015-81D9-301E149B92BF}.Ad-Hoc|ARM.ActiveCfg = Ad-Hoc|iPhone
		{95E167C5-9790-4015-81D9-301E149B92BF}.Ad-Hoc|iPhone.ActiveCfg = Ad-Hoc|iPhone
		{95E167C5-9790-4015-81D9-301E149B92BF}.Ad-Hoc|iPhone.Build.0 = Ad-Hoc|iPhone
		{95E167C5-9790-4015-81D9-301E149B92BF}.Ad-Hoc|iPhoneSimulator.ActiveCfg = Ad-Hoc|iPhoneSimulator
		{95E167C5-9790-4015-81D9-301E149B92BF}.Ad-Hoc|iPhoneSimulator.Build.0 = Ad-Hoc|iPhoneSimulator
		{95E167C5-9790-4015-81D9-301E149B92BF}.Ad-Hoc|x64.ActiveCfg = Ad-Hoc|iPhone
		{95E167C5-9790-4015-81D9-301E149B92BF}.Ad-Hoc|x86.ActiveCfg = Ad-Hoc|iPhone
		{95E167C5-9790-4015-81D9-301E149B92BF}.AppStore|Any CPU.ActiveCfg = AppStore|iPhone
		{95E167C5-9790-4015-81D9-301E149B92BF}.AppStore|ARM.ActiveCfg = AppStore|iPhone
		{95E167C5-9790-4015-81D9-301E149B92BF}.AppStore|iPhone.ActiveCfg = AppStore|iPhone
		{95E167C5-9790-4015-81D9-301E149B92BF}.AppStore|iPhone.Build.0 = AppStore|iPhone
		{95E167C5-9790-4015-81D9-301E149B92BF}.AppStore|iPhoneSimulator.ActiveCfg = AppStore|iPhoneSimulator
		{95E167C5-9790-4015-81D9-301E149B92BF}.AppStore|iPhoneSimulator.Build.0 = AppStore|iPhoneSimulator
		{95E167C5-9790-4015-81D9-301E149B92BF}.AppStore|x64.ActiveCfg = AppStore|iPhone
		{95E167C5-9790-4015-81D9-301E149B92BF}.AppStore|x86.ActiveCfg = AppStore|iPhone
		{95E167C5-9790-4015-81D9-301E149B92BF}.Debug|Any CPU.ActiveCfg = Debug|iPhone
		{95E167C5-9790-4015-81D9-301E149B92BF}.Debug|ARM.ActiveCfg = Debug|iPhone
		{95E167C5-9790-4015-81D9-301E149B92BF}.Debug|iPhone.ActiveCfg = Debug|iPhone
		{95E167C5-9790-4015-81D9-301E149B92BF}.Debug|iPhone.Build.0 = Debug|iPhone
		{95E167C5-9790-4015-81D9-301E149B92BF}.Debug|iPhoneSimulator.ActiveCfg = Debug|iPhoneSimulator
		{95E167C5-9790-4015-81D9-301E149B92BF}.Debug|iPhoneSimulator.Build.0 = Debug|iPhoneSimulator
		{95E167C5-9790-4015-81D9-301E149B92BF}.Debug|x64.ActiveCfg = Debug|iPhone
		{95E167C5-9790-4015-81D9-301E149B92BF}.Debug|x86.ActiveCfg = Debug|iPhone
		{95E167C5-9790-4015-81D9-301E149B92BF}.Release|Any CPU.ActiveCfg = Release|iPhone
		{95E167C5-9790-4015-81D9-301E149B92BF}.Release|ARM.ActiveCfg = Release|iPhone
		{95E167C5-9790-4015-81D9-301E149B92BF}.Release|iPhone.ActiveCfg = Release|iPhone
		{95E167C5-9790-4015-81D9-301E149B92BF}.Release|iPhone.Build.0 = Release|iPhone
		{95E167C5-9790-4015-81D9-301E149B92BF}.Release|iPhoneSimulator.ActiveCfg = Release|iPhoneSimulator
		{95E167C5-9790-4015-81D9-301E149B92BF}.Release|iPhoneSimulator.Build.0 = Release|iPhoneSimulator
		{95E167C5-9790-4015-81D9-301E149B92BF}.Release|x64.ActiveCfg = Release|iPhone
		{95E167C5-9790-4015-81D9-301E149B92BF}.Release|x86.ActiveCfg = Release|iPhone
	EndGlobalSection
	GlobalSection(SolutionProperties) = preSolution
		HideSolutionNode = FALSE
	EndGlobalSection
EndGlobal
